
Microsoft Visual Studio Solution File, Format Version 12.00
# Visual Studio Version 17
VisualStudioVersion = 17.1.32328.378
MinimumVisualStudioVersion = 10.0.40219.1
Project("{9A19103F-16F7-4668-BE54-9A1E7A4F7556}") = "Asynclass", "Asynclass\Asynclass.csproj", "{FBFCC571-E002-4C4D-A48C-D5EBE1A11319}"
EndProject
Project("{FAE04EC0-301F-11D3-BF4B-00C04F79EFBC}") = "Asynclass.Tests", "Asynclass.Tests\Asynclass.Tests.csproj", "{D4A64BFE-78E9-4AB7-A9C4-0CBF7B20730D}"
EndProject
Global
	GlobalSection(SolutionConfigurationPlatforms) = preSolution
		Debug|Any CPU = Debug|Any CPU
		Release|Any CPU = Release|Any CPU
	EndGlobalSection
	GlobalSection(ProjectConfigurationPlatforms) = postSolution
		{FBFCC571-E002-4C4D-A48C-D5EBE1A11319}.Debug|Any CPU.ActiveCfg = Debug|Any CPU
		{FBFCC571-E002-4C4D-A48C-D5EBE1A11319}.Debug|Any CPU.Build.0 = Debug|Any CPU
		{FBFCC571-E002-4C4D-A48C-D5EBE1A11319}.Release|Any CPU.ActiveCfg = Release|Any CPU
		{FBFCC571-E002-4C4D-A48C-D5EBE1A11319}.Release|Any CPU.Build.0 = Release|Any CPU
		{D4A64BFE-78E9-4AB7-A9C4-0CBF7B20730D}.Debug|Any CPU.ActiveCfg = Debug|Any CPU
		{D4A64BFE-78E9-4AB7-A9C4-0CBF7B20730D}.Debug|Any CPU.Build.0 = Debug|Any CPU
		{D4A64BFE-78E9-4AB7-A9C4-0CBF7B20730D}.Release|Any CPU.ActiveCfg = Release|Any CPU
		{D4A64BFE-78E9-4AB7-A9C4-0CBF7B20730D}.Release|Any CPU.Build.0 = Release|Any CPU
	EndGlobalSection
	GlobalSection(SolutionProperties) = preSolution
		HideSolutionNode = FALSE
	EndGlobalSection
	GlobalSection(ExtensibilityGlobals) = postSolution
		SolutionGuid = {EB6141D4-26F3-4FFF-A7DC-3298142D69C7}
	EndGlobalSection
EndGlobal
